{
  "name": "hugo-with-windicss",
  "version": "1.0.0",
  "lockfileVersion": 2,
  "requires": true,
  "packages": {
    "": {
      "version": "1.0.0",
      "license": "MIT",
      "dependencies": {
        "windicss": "^3.1.3"
      }
    },
    "node_modules/windicss": {
      "version": "3.1.3",
      "resolved": "https://registry.npmjs.org/windicss/-/windicss-3.1.3.tgz",
      "integrity": "sha512-l7fpoba2LY9AYRy4UgcuOpbPsed8UsbpEQYUVWRR1wdAwiKxK6bGIMfpiKJtjPAPdh0GOGUqr6KJar0EDZSxzg==",
      "bin": {
        "windicss": "cli/index.js"
      },
      "engines": {
        "node": ">= 12"
      }
    }
  },
  "dependencies": {
    "windicss": {
      "version": "3.1.3",
      "resolved": "https://registry.npmjs.org/windicss/-/windicss-3.1.3.tgz",
      "integrity": "sha512-l7fpoba2LY9AYRy4UgcuOpbPsed8UsbpEQYUVWRR1wdAwiKxK6bGIMfpiKJtjPAPdh0GOGUqr6KJar0EDZSxzg=="
    }
  }
}
